
Microsoft Visual Studio Solution File, Format Version 12.00
# Visual Studio Version 17
VisualStudioVersion = 17.7.34031.279
MinimumVisualStudioVersion = 10.0.40219.1
Project("{E24C65DC-7377-472B-9ABA-BC803B73C61A}") = "mini project", "mini project\", "{715584CA-8B04-4059-B5EE-87119E3F785C}"
	ProjectSection(WebsiteProperties) = preProject
		TargetFrameworkMoniker = ".NETFramework,Version%3Dv4.7.2"
		Debug.AspNetCompiler.VirtualPath = "/localhost_59587"
		Debug.AspNetCompiler.PhysicalPath = "mini project\"
		Debug.AspNetCompiler.TargetPath = "PrecompiledWeb\localhost_59587\"
		Debug.AspNetCompiler.Updateable = "true"
		Debug.AspNetCompiler.ForceOverwrite = "true"
		Debug.AspNetCompiler.FixedNames = "false"
		Debug.AspNetCompiler.Debug = "True"
		Release.AspNetCompiler.VirtualPath = "/localhost_59587"
		Release.AspNetCompiler.PhysicalPath = "mini project\"
		Release.AspNetCompiler.TargetPath = "PrecompiledWeb\localhost_59587\"
		Release.AspNetCompiler.Updateable = "true"
		Release.AspNetCompiler.ForceOverwrite = "true"
		Release.AspNetCompiler.FixedNames = "false"
		Release.AspNetCompiler.Debug = "False"
		VWDPort = "59587"
		SlnRelativePath = "mini project\"
		DefaultWebSiteLanguage = "Visual C#"
	EndProjectSection
EndProject
Global
	GlobalSection(SolutionConfigurationPlatforms) = preSolution
		Debug|Any CPU = Debug|Any CPU
	EndGlobalSection
	GlobalSection(ProjectConfigurationPlatforms) = postSolution
		{715584CA-8B04-4059-B5EE-87119E3F785C}.Debug|Any CPU.ActiveCfg = Debug|Any CPU
		{715584CA-8B04-4059-B5EE-87119E3F785C}.Debug|Any CPU.Build.0 = Debug|Any CPU
	EndGlobalSection
	GlobalSection(SolutionProperties) = preSolution
		HideSolutionNode = FALSE
	EndGlobalSection
	GlobalSection(ExtensibilityGlobals) = postSolution
		SolutionGuid = {452FB216-2506-40D9-B59D-50345414D190}
	EndGlobalSection
EndGlobal
